// !$*UTF8*$!
{
	archiveVersion = 1;
	classes = {
	};
	objectVersion = 46;
	objects = {

/* Begin PBXBuildFile section */
		3D825D851932E45A00BE5BDF /* call@2x.png in Resources */ = {isa = PBXBuildFile; fileRef = 3D825D831932E45A00BE5BDF /* call@2x.png */; };
		3D825D861932E45A00BE5BDF /* replay@2x.png in Resources */ = {isa = PBXBuildFile; fileRef = 3D825D841932E45A00BE5BDF /* replay@2x.png */; };
		3D825D891932ED4E00BE5BDF /* YYWaitCallViewController.m in Sources */ = {isa = PBXBuildFile; fileRef = 3D825D881932ED4E00BE5BDF /* YYWaitCallViewController.m */; };
		3D825D8C1932ED5D00BE5BDF /* YYReplayCallViewController.m in Sources */ = {isa = PBXBuildFile; fileRef = 3D825D8B1932ED5D00BE5BDF /* YYReplayCallViewController.m */; };
		3D8395841932EFA9009220B2 /* share_icon_g@2x.png in Resources */ = {isa = PBXBuildFile; fileRef = 3D8395831932EFA9009220B2 /* share_icon_g@2x.png */; };
		3D8395D519335624009220B2 /* YYSoundListTableViewController.m in Sources */ = {isa = PBXBuildFile; fileRef = 3D8395D419335624009220B2 /* YYSoundListTableViewController.m */; };
		3DCA1C28192C502400A9382B /* YYCall.m in Sources */ = {isa = PBXBuildFile; fileRef = 3DCA1C25192C502400A9382B /* YYCall.m */; };
		3DCA1C29192C502400A9382B /* YYCallSource.m in Sources */ = {isa = PBXBuildFile; fileRef = 3DCA1C27192C502400A9382B /* YYCallSource.m */; };
		3DCA1C30192C520500A9382B /* YYController.m in Sources */ = {isa = PBXBuildFile; fileRef = 3DCA1C2F192C520500A9382B /* YYController.m */; };
		3DCA1C33192C557A00A9382B /* YYLocalNotification.m in Sources */ = {isa = PBXBuildFile; fileRef = 3DCA1C32192C557A00A9382B /* YYLocalNotification.m */; };
		3DD5D2EE192D9AB50080CFE9 /* Main.storyboard in Resources */ = {isa = PBXBuildFile; fileRef = 3DD5D2ED192D9AB50080CFE9 /* Main.storyboard */; };
		3DD5D2FA192D9E8F0080CFE9 /* YYCallListTableViewController.m in Sources */ = {isa = PBXBuildFile; fileRef = 3DD5D2F9192D9E8F0080CFE9 /* YYCallListTableViewController.m */; };
		3DD5D308192DADDA0080CFE9 /* YYCallDetailViewController.m in Sources */ = {isa = PBXBuildFile; fileRef = 3DD5D307192DADDA0080CFE9 /* YYCallDetailViewController.m */; };
		3DD5D31F192DEE890080CFE9 /* locationDefault.png in Resources */ = {isa = PBXBuildFile; fileRef = 3DD5D315192DEE890080CFE9 /* locationDefault.png */; };
		3DD5D38E192EF9130080CFE9 /* duola.m4r in Resources */ = {isa = PBXBuildFile; fileRef = 3DD5D389192EF9130080CFE9 /* duola.m4r */; };
		3DD5D38F192EF9130080CFE9 /* luck.m4r in Resources */ = {isa = PBXBuildFile; fileRef = 3DD5D38A192EF9130080CFE9 /* luck.m4r */; };
		3DD5D390192EF9130080CFE9 /* nohappiness.m4r in Resources */ = {isa = PBXBuildFile; fileRef = 3DD5D38B192EF9130080CFE9 /* nohappiness.m4r */; };
		3DD5D391192EF9130080CFE9 /* opening.m4r in Resources */ = {isa = PBXBuildFile; fileRef = 3DD5D38C192EF9130080CFE9 /* opening.m4r */; };
		3DD5D392192EF9130080CFE9 /* seaside.m4r in Resources */ = {isa = PBXBuildFile; fileRef = 3DD5D38D192EF9130080CFE9 /* seaside.m4r */; };
		3DD5D3A0192F2D370080CFE9 /* VSNavigationController.m in Sources */ = {isa = PBXBuildFile; fileRef = 3DD5D399192F2D370080CFE9 /* VSNavigationController.m */; };
		3DD5D3A1192F2D370080CFE9 /* VSViewController.m in Sources */ = {isa = PBXBuildFile; fileRef = 3DD5D39B192F2D370080CFE9 /* VSViewController.m */; };
		3DD5D3A2192F2D370080CFE9 /* VSViewControllerHolder.m in Sources */ = {isa = PBXBuildFile; fileRef = 3DD5D39D192F2D370080CFE9 /* VSViewControllerHolder.m */; };
		3DD5D3A3192F2D370080CFE9 /* VSWindow.m in Sources */ = {isa = PBXBuildFile; fileRef = 3DD5D39F192F2D370080CFE9 /* VSWindow.m */; };
		3DD5D3A6192F31810080CFE9 /* YYCallRepeatListTableViewController.m in Sources */ = {isa = PBXBuildFile; fileRef = 3DD5D3A5192F31810080CFE9 /* YYCallRepeatListTableViewController.m */; };
		3DD5D3A9192F37650080CFE9 /* AddressBook.framework in Frameworks */ = {isa = PBXBuildFile; fileRef = 3DD5D3A7192F37650080CFE9 /* AddressBook.framework */; };
		3DD5D3AA192F37650080CFE9 /* AddressBookUI.framework in Frameworks */ = {isa = PBXBuildFile; fileRef = 3DD5D3A8192F37650080CFE9 /* AddressBookUI.framework */; };
		3DD5D3AD192F3B260080CFE9 /* YYContactListTableViewController.m in Sources */ = {isa = PBXBuildFile; fileRef = 3DD5D3AC192F3B260080CFE9 /* YYContactListTableViewController.m */; };
		3DD5D3B0192F506D0080CFE9 /* YYRingListTableViewController.m in Sources */ = {isa = PBXBuildFile; fileRef = 3DD5D3AF192F506D0080CFE9 /* YYRingListTableViewController.m */; };
		3DF39C32192B5D7500593B14 /* Foundation.framework in Frameworks */ = {isa = PBXBuildFile; fileRef = 3DF39C31192B5D7500593B14 /* Foundation.framework */; };
		3DF39C34192B5D7500593B14 /* CoreGraphics.framework in Frameworks */ = {isa = PBXBuildFile; fileRef = 3DF39C33192B5D7500593B14 /* CoreGraphics.framework */; };
		3DF39C36192B5D7500593B14 /* UIKit.framework in Frameworks */ = {isa = PBXBuildFile; fileRef = 3DF39C35192B5D7500593B14 /* UIKit.framework */; };
		3DF39C3C192B5D7600593B14 /* InfoPlist.strings in Resources */ = {isa = PBXBuildFile; fileRef = 3DF39C3A192B5D7600593B14 /* InfoPlist.strings */; };
		3DF39C3E192B5D7600593B14 /* main.m in Sources */ = {isa = PBXBuildFile; fileRef = 3DF39C3D192B5D7600593B14 /* main.m */; };
		3DF39C42192B5D7600593B14 /* AppDelegate.m in Sources */ = {isa = PBXBuildFile; fileRef = 3DF39C41192B5D7600593B14 /* AppDelegate.m */; };
		3DF39C44192B5D7600593B14 /* Images.xcassets in Resources */ = {isa = PBXBuildFile; fileRef = 3DF39C43192B5D7600593B14 /* Images.xcassets */; };
		3DF39C4B192B5D7600593B14 /* XCTest.framework in Frameworks */ = {isa = PBXBuildFile; fileRef = 3DF39C4A192B5D7600593B14 /* XCTest.framework */; };
		3DF39C4C192B5D7600593B14 /* Foundation.framework in Frameworks */ = {isa = PBXBuildFile; fileRef = 3DF39C31192B5D7500593B14 /* Foundation.framework */; };
		3DF39C4D192B5D7600593B14 /* UIKit.framework in Frameworks */ = {isa = PBXBuildFile; fileRef = 3DF39C35192B5D7500593B14 /* UIKit.framework */; };
		3DF39C55192B5D7600593B14 /* InfoPlist.strings in Resources */ = {isa = PBXBuildFile; fileRef = 3DF39C53192B5D7600593B14 /* InfoPlist.strings */; };
		3DF39C57192B5D7600593B14 /* YYYSimultateCallTests.m in Sources */ = {isa = PBXBuildFile; fileRef = 3DF39C56192B5D7600593B14 /* YYYSimultateCallTests.m */; };
/* End PBXBuildFile section */

/* Begin PBXContainerItemProxy section */
		3DF39C4E192B5D7600593B14 /* PBXContainerItemProxy */ = {
			isa = PBXContainerItemProxy;
			containerPortal = 3DF39C26192B5D7500593B14 /* Project object */;
			proxyType = 1;
			remoteGlobalIDString = 3DF39C2D192B5D7500593B14;
			remoteInfo = YYYSimultateCall;
		};
/* End PBXContainerItemProxy section */

/* Begin PBXFileReference section */
		3D825D831932E45A00BE5BDF /* call@2x.png */ = {isa = PBXFileReference; lastKnownFileType = image.png; path = "call@2x.png"; sourceTree = "<group>"; };
		3D825D841932E45A00BE5BDF /* replay@2x.png */ = {isa = PBXFileReference; lastKnownFileType = image.png; path = "replay@2x.png"; sourceTree = "<group>"; };
		3D825D871932ED4E00BE5BDF /* YYWaitCallViewController.h */ = {isa = PBXFileReference; fileEncoding = 4; lastKnownFileType = sourcecode.c.h; path = YYWaitCallViewController.h; sourceTree = "<group>"; };
		3D825D881932ED4E00BE5BDF /* YYWaitCallViewController.m */ = {isa = PBXFileReference; fileEncoding = 4; lastKnownFileType = sourcecode.c.objc; path = YYWaitCallViewController.m; sourceTree = "<group>"; };
		3D825D8A1932ED5D00BE5BDF /* YYReplayCallViewController.h */ = {isa = PBXFileReference; fileEncoding = 4; lastKnownFileType = sourcecode.c.h; path = YYReplayCallViewController.h; sourceTree = "<group>"; };
		3D825D8B1932ED5D00BE5BDF /* YYReplayCallViewController.m */ = {isa = PBXFileReference; fileEncoding = 4; lastKnownFileType = sourcecode.c.objc; path = YYReplayCallViewController.m; sourceTree = "<group>"; };
		3D8395831932EFA9009220B2 /* share_icon_g@2x.png */ = {isa = PBXFileReference; lastKnownFileType = image.png; path = "share_icon_g@2x.png"; sourceTree = "<group>"; };
		3D8395D319335624009220B2 /* YYSoundListTableViewController.h */ = {isa = PBXFileReference; fileEncoding = 4; lastKnownFileType = sourcecode.c.h; path = YYSoundListTableViewController.h; sourceTree = "<group>"; };
		3D8395D419335624009220B2 /* YYSoundListTableViewController.m */ = {isa = PBXFileReference; fileEncoding = 4; lastKnownFileType = sourcecode.c.objc; path = YYSoundListTableViewController.m; sourceTree = "<group>"; };
		3DCA1C24192C502400A9382B /* YYCall.h */ = {isa = PBXFileReference; fileEncoding = 4; lastKnownFileType = sourcecode.c.h; path = YYCall.h; sourceTree = "<group>"; };
		3DCA1C25192C502400A9382B /* YYCall.m */ = {isa = PBXFileReference; fileEncoding = 4; lastKnownFileType = sourcecode.c.objc; path = YYCall.m; sourceTree = "<group>"; };
		3DCA1C26192C502400A9382B /* YYCallSource.h */ = {isa = PBXFileReference; fileEncoding = 4; lastKnownFileType = sourcecode.c.h; path = YYCallSource.h; sourceTree = "<group>"; };
		3DCA1C27192C502400A9382B /* YYCallSource.m */ = {isa = PBXFileReference; fileEncoding = 4; lastKnownFileType = sourcecode.c.objc; path = YYCallSource.m; sourceTree = "<group>"; };
		3DCA1C2E192C520500A9382B /* YYController.h */ = {isa = PBXFileReference; fileEncoding = 4; lastKnownFileType = sourcecode.c.h; name = YYController.h; path = Controller/YYController.h; sourceTree = "<group>"; };
		3DCA1C2F192C520500A9382B /* YYController.m */ = {isa = PBXFileReference; fileEncoding = 4; lastKnownFileType = sourcecode.c.objc; name = YYController.m; path = Controller/YYController.m; sourceTree = "<group>"; };
		3DCA1C31192C557A00A9382B /* YYLocalNotification.h */ = {isa = PBXFileReference; fileEncoding = 4; lastKnownFileType = sourcecode.c.h; path = YYLocalNotification.h; sourceTree = "<group>"; };
		3DCA1C32192C557A00A9382B /* YYLocalNotification.m */ = {isa = PBXFileReference; fileEncoding = 4; lastKnownFileType = sourcecode.c.objc; path = YYLocalNotification.m; sourceTree = "<group>"; };
		3DD5D2ED192D9AB50080CFE9 /* Main.storyboard */ = {isa = PBXFileReference; fileEncoding = 4; lastKnownFileType = file.storyboard; path = Main.storyboard; sourceTree = "<group>"; };
		3DD5D2F8192D9E8F0080CFE9 /* YYCallListTableViewController.h */ = {isa = PBXFileReference; fileEncoding = 4; lastKnownFileType = sourcecode.c.h; path = YYCallListTableViewController.h; sourceTree = "<group>"; };
		3DD5D2F9192D9E8F0080CFE9 /* YYCallListTableViewController.m */ = {isa = PBXFileReference; fileEncoding = 4; lastKnownFileType = sourcecode.c.objc; path = YYCallListTableViewController.m; sourceTree = "<group>"; };
		3DD5D306192DADDA0080CFE9 /* YYCallDetailViewController.h */ = {isa = PBXFileReference; fileEncoding = 4; lastKnownFileType = sourcecode.c.h; path = YYCallDetailViewController.h; sourceTree = "<group>"; };
		3DD5D307192DADDA0080CFE9 /* YYCallDetailViewController.m */ = {isa = PBXFileReference; fileEncoding = 4; lastKnownFileType = sourcecode.c.objc; path = YYCallDetailViewController.m; sourceTree = "<group>"; };
		3DD5D315192DEE890080CFE9 /* locationDefault.png */ = {isa = PBXFileReference; lastKnownFileType = image.png; path = locationDefault.png; sourceTree = "<group>"; };
		3DD5D389192EF9130080CFE9 /* duola.m4r */ = {isa = PBXFileReference; lastKnownFileType = file; path = duola.m4r; sourceTree = "<group>"; };
		3DD5D38A192EF9130080CFE9 /* luck.m4r */ = {isa = PBXFileReference; lastKnownFileType = file; path = luck.m4r; sourceTree = "<group>"; };
		3DD5D38B192EF9130080CFE9 /* nohappiness.m4r */ = {isa = PBXFileReference; lastKnownFileType = file; path = nohappiness.m4r; sourceTree = "<group>"; };
		3DD5D38C192EF9130080CFE9 /* opening.m4r */ = {isa = PBXFileReference; lastKnownFileType = file; path = opening.m4r; sourceTree = "<group>"; };
		3DD5D38D192EF9130080CFE9 /* seaside.m4r */ = {isa = PBXFileReference; lastKnownFileType = file; path = seaside.m4r; sourceTree = "<group>"; };
		3DD5D398192F2D370080CFE9 /* VSNavigationController.h */ = {isa = PBXFileReference; fileEncoding = 4; lastKnownFileType = sourcecode.c.h; path = VSNavigationController.h; sourceTree = "<group>"; };
		3DD5D399192F2D370080CFE9 /* VSNavigationController.m */ = {isa = PBXFileReference; fileEncoding = 4; lastKnownFileType = sourcecode.c.objc; path = VSNavigationController.m; sourceTree = "<group>"; };
		3DD5D39A192F2D370080CFE9 /* VSViewController.h */ = {isa = PBXFileReference; fileEncoding = 4; lastKnownFileType = sourcecode.c.h; path = VSViewController.h; sourceTree = "<group>"; };
		3DD5D39B192F2D370080CFE9 /* VSViewController.m */ = {isa = PBXFileReference; fileEncoding = 4; lastKnownFileType = sourcecode.c.objc; path = VSViewController.m; sourceTree = "<group>"; };
		3DD5D39C192F2D370080CFE9 /* VSViewControllerHolder.h */ = {isa = PBXFileReference; fileEncoding = 4; lastKnownFileType = sourcecode.c.h; path = VSViewControllerHolder.h; sourceTree = "<group>"; };
		3DD5D39D192F2D370080CFE9 /* VSViewControllerHolder.m */ = {isa = PBXFileReference; fileEncoding = 4; lastKnownFileType = sourcecode.c.objc; path = VSViewControllerHolder.m; sourceTree = "<group>"; };
		3DD5D39E192F2D370080CFE9 /* VSWindow.h */ = {isa = PBXFileReference; fileEncoding = 4; lastKnownFileType = sourcecode.c.h; path = VSWindow.h; sourceTree = "<group>"; };
		3DD5D39F192F2D370080CFE9 /* VSWindow.m */ = {isa = PBXFileReference; fileEncoding = 4; lastKnownFileType = sourcecode.c.objc; path = VSWindow.m; sourceTree = "<group>"; };
		3DD5D3A4192F31810080CFE9 /* YYCallRepeatListTableViewController.h */ = {isa = PBXFileReference; fileEncoding = 4; lastKnownFileType = sourcecode.c.h; path = YYCallRepeatListTableViewController.h; sourceTree = "<group>"; };
		3DD5D3A5192F31810080CFE9 /* YYCallRepeatListTableViewController.m */ = {isa = PBXFileReference; fileEncoding = 4; lastKnownFileType = sourcecode.c.objc; path = YYCallRepeatListTableViewController.m; sourceTree = "<group>"; };
		3DD5D3A7192F37650080CFE9 /* AddressBook.framework */ = {isa = PBXFileReference; lastKnownFileType = wrapper.framework; name = AddressBook.framework; path = System/Library/Frameworks/AddressBook.framework; sourceTree = SDKROOT; };
		3DD5D3A8192F37650080CFE9 /* AddressBookUI.framework */ = {isa = PBXFileReference; lastKnownFileType = wrapper.framework; name = AddressBookUI.framework; path = System/Library/Frameworks/AddressBookUI.framework; sourceTree = SDKROOT; };
		3DD5D3AB192F3B260080CFE9 /* YYContactListTableViewController.h */ = {isa = PBXFileReference; fileEncoding = 4; lastKnownFileType = sourcecode.c.h; path = YYContactListTableViewController.h; sourceTree = "<group>"; };
		3DD5D3AC192F3B260080CFE9 /* YYContactListTableViewController.m */ = {isa = PBXFileReference; fileEncoding = 4; lastKnownFileType = sourcecode.c.objc; path = YYContactListTableViewController.m; sourceTree = "<group>"; };
		3DD5D3AE192F506D0080CFE9 /* YYRingListTableViewController.h */ = {isa = PBXFileReference; fileEncoding = 4; lastKnownFileType = sourcecode.c.h; path = YYRingListTableViewController.h; sourceTree = "<group>"; };
		3DD5D3AF192F506D0080CFE9 /* YYRingListTableViewController.m */ = {isa = PBXFileReference; fileEncoding = 4; lastKnownFileType = sourcecode.c.objc; path = YYRingListTableViewController.m; sourceTree = "<group>"; };
		3DF39C2E192B5D7500593B14 /* YYYSimultateCall.app */ = {isa = PBXFileReference; explicitFileType = wrapper.application; includeInIndex = 0; path = YYYSimultateCall.app; sourceTree = BUILT_PRODUCTS_DIR; };
		3DF39C31192B5D7500593B14 /* Foundation.framework */ = {isa = PBXFileReference; lastKnownFileType = wrapper.framework; name = Foundation.framework; path = System/Library/Frameworks/Foundation.framework; sourceTree = SDKROOT; };
		3DF39C33192B5D7500593B14 /* CoreGraphics.framework */ = {isa = PBXFileReference; lastKnownFileType = wrapper.framework; name = CoreGraphics.framework; path = System/Library/Frameworks/CoreGraphics.framework; sourceTree = SDKROOT; };
		3DF39C35192B5D7500593B14 /* UIKit.framework */ = {isa = PBXFileReference; lastKnownFileType = wrapper.framework; name = UIKit.framework; path = System/Library/Frameworks/UIKit.framework; sourceTree = SDKROOT; };
		3DF39C39192B5D7600593B14 /* YYYSimultateCall-Info.plist */ = {isa = PBXFileReference; lastKnownFileType = text.plist.xml; path = "YYYSimultateCall-Info.plist"; sourceTree = "<group>"; };
		3DF39C3B192B5D7600593B14 /* en */ = {isa = PBXFileReference; lastKnownFileType = text.plist.strings; name = en; path = en.lproj/InfoPlist.strings; sourceTree = "<group>"; };
		3DF39C3D192B5D7600593B14 /* main.m */ = {isa = PBXFileReference; lastKnownFileType = sourcecode.c.objc; path = main.m; sourceTree = "<group>"; };
		3DF39C3F192B5D7600593B14 /* YYYSimultateCall-Prefix.pch */ = {isa = PBXFileReference; lastKnownFileType = sourcecode.c.h; path = "YYYSimultateCall-Prefix.pch"; sourceTree = "<group>"; };
		3DF39C40192B5D7600593B14 /* AppDelegate.h */ = {isa = PBXFileReference; lastKnownFileType = sourcecode.c.h; path = AppDelegate.h; sourceTree = "<group>"; };
		3DF39C41192B5D7600593B14 /* AppDelegate.m */ = {isa = PBXFileReference; lastKnownFileType = sourcecode.c.objc; path = AppDelegate.m; sourceTree = "<group>"; };
		3DF39C43192B5D7600593B14 /* Images.xcassets */ = {isa = PBXFileReference; lastKnownFileType = folder.assetcatalog; path = Images.xcassets; sourceTree = "<group>"; };
		3DF39C49192B5D7600593B14 /* YYYSimultateCallTests.xctest */ = {isa = PBXFileReference; explicitFileType = wrapper.cfbundle; includeInIndex = 0; path = YYYSimultateCallTests.xctest; sourceTree = BUILT_PRODUCTS_DIR; };
		3DF39C4A192B5D7600593B14 /* XCTest.framework */ = {isa = PBXFileReference; lastKnownFileType = wrapper.framework; name = XCTest.framework; path = Library/Frameworks/XCTest.framework; sourceTree = DEVELOPER_DIR; };
		3DF39C52192B5D7600593B14 /* YYYSimultateCallTests-Info.plist */ = {isa = PBXFileReference; lastKnownFileType = text.plist.xml; path = "YYYSimultateCallTests-Info.plist"; sourceTree = "<group>"; };
		3DF39C54192B5D7600593B14 /* en */ = {isa = PBXFileReference; lastKnownFileType = text.plist.strings; name = en; path = en.lproj/InfoPlist.strings; sourceTree = "<group>"; };
		3DF39C56192B5D7600593B14 /* YYYSimultateCallTests.m */ = {isa = PBXFileReference; lastKnownFileType = sourcecode.c.objc; path = YYYSimultateCallTests.m; sourceTree = "<group>"; };
/* End PBXFileReference section */

/* Begin PBXFrameworksBuildPhase section */
		3DF39C2B192B5D7500593B14 /* Frameworks */ = {
			isa = PBXFrameworksBuildPhase;
			buildActionMask = 2147483647;
			files = (
				3DD5D3A9192F37650080CFE9 /* AddressBook.framework in Frameworks */,
				3DD5D3AA192F37650080CFE9 /* AddressBookUI.framework in Frameworks */,
				3DF39C34192B5D7500593B14 /* CoreGraphics.framework in Frameworks */,
				3DF39C36192B5D7500593B14 /* UIKit.framework in Frameworks */,
				3DF39C32192B5D7500593B14 /* Foundation.framework in Frameworks */,
			);
			runOnlyForDeploymentPostprocessing = 0;
		};
		3DF39C46192B5D7600593B14 /* Frameworks */ = {
			isa = PBXFrameworksBuildPhase;
			buildActionMask = 2147483647;
			files = (
				3DF39C4B192B5D7600593B14 /* XCTest.framework in Frameworks */,
				3DF39C4D192B5D7600593B14 /* UIKit.framework in Frameworks */,
				3DF39C4C192B5D7600593B14 /* Foundation.framework in Frameworks */,
			);
			runOnlyForDeploymentPostprocessing = 0;
		};
/* End PBXFrameworksBuildPhase section */

/* Begin PBXGroup section */
		3DCA1C1B192C432200A9382B /* Model */ = {
			isa = PBXGroup;
			children = (
			);
			name = Model;
			sourceTree = "<group>";
		};
		3DCA1C23192C502400A9382B /* Source */ = {
			isa = PBXGroup;
			children = (
				3DCA1C24192C502400A9382B /* YYCall.h */,
				3DCA1C25192C502400A9382B /* YYCall.m */,
				3DCA1C26192C502400A9382B /* YYCallSource.h */,
				3DCA1C27192C502400A9382B /* YYCallSource.m */,
				3DCA1C31192C557A00A9382B /* YYLocalNotification.h */,
				3DCA1C32192C557A00A9382B /* YYLocalNotification.m */,
			);
			path = Source;
			sourceTree = "<group>";
		};
		3DCA1C2D192C51D700A9382B /* Controller */ = {
			isa = PBXGroup;
			children = (
				3DCA1C2E192C520500A9382B /* YYController.h */,
				3DCA1C2F192C520500A9382B /* YYController.m */,
			);
			name = Controller;
			sourceTree = "<group>";
		};
		3DD5D2F3192D9B450080CFE9 /* View */ = {
			isa = PBXGroup;
			children = (
				3DD5D2F8192D9E8F0080CFE9 /* YYCallListTableViewController.h */,
				3DD5D2F9192D9E8F0080CFE9 /* YYCallListTableViewController.m */,
				3DD5D306192DADDA0080CFE9 /* YYCallDetailViewController.h */,
				3DD5D307192DADDA0080CFE9 /* YYCallDetailViewController.m */,
				3DD5D3A4192F31810080CFE9 /* YYCallRepeatListTableViewController.h */,
				3DD5D3A5192F31810080CFE9 /* YYCallRepeatListTableViewController.m */,
				3DD5D3AB192F3B260080CFE9 /* YYContactListTableViewController.h */,
				3DD5D3AC192F3B260080CFE9 /* YYContactListTableViewController.m */,
				3DD5D3AE192F506D0080CFE9 /* YYRingListTableViewController.h */,
				3DD5D3AF192F506D0080CFE9 /* YYRingListTableViewController.m */,
				3D825D871932ED4E00BE5BDF /* YYWaitCallViewController.h */,
				3D825D881932ED4E00BE5BDF /* YYWaitCallViewController.m */,
				3D825D8A1932ED5D00BE5BDF /* YYReplayCallViewController.h */,
				3D825D8B1932ED5D00BE5BDF /* YYReplayCallViewController.m */,
				3D8395D319335624009220B2 /* YYSoundListTableViewController.h */,
				3D8395D419335624009220B2 /* YYSoundListTableViewController.m */,
			);
			path = View;
			sourceTree = "<group>";
		};
		3DD5D313192DEE890080CFE9 /* Resource */ = {
			isa = PBXGroup;
			children = (
				3DD5D32B192E02890080CFE9 /* Ring */,
				3DD5D328192DF1650080CFE9 /* Sound */,
				3DD5D314192DEE890080CFE9 /* Image */,
			);
			path = Resource;
			sourceTree = "<group>";
		};
		3DD5D314192DEE890080CFE9 /* Image */ = {
			isa = PBXGroup;
			children = (
				3D8395831932EFA9009220B2 /* share_icon_g@2x.png */,
				3D825D831932E45A00BE5BDF /* call@2x.png */,
				3D825D841932E45A00BE5BDF /* replay@2x.png */,
				3DD5D315192DEE890080CFE9 /* locationDefault.png */,
			);
			path = Image;
			sourceTree = "<group>";
		};
		3DD5D328192DF1650080CFE9 /* Sound */ = {
			isa = PBXGroup;
			children = (
			);
			path = Sound;
			sourceTree = "<group>";
		};
		3DD5D32B192E02890080CFE9 /* Ring */ = {
			isa = PBXGroup;
			children = (
				3DD5D389192EF9130080CFE9 /* duola.m4r */,
				3DD5D38A192EF9130080CFE9 /* luck.m4r */,
				3DD5D38B192EF9130080CFE9 /* nohappiness.m4r */,
				3DD5D38C192EF9130080CFE9 /* opening.m4r */,
				3DD5D38D192EF9130080CFE9 /* seaside.m4r */,
			);
			path = Ring;
			sourceTree = "<group>";
		};
		3DD5D397192F2D370080CFE9 /* VCM */ = {
			isa = PBXGroup;
			children = (
				3DD5D398192F2D370080CFE9 /* VSNavigationController.h */,
				3DD5D399192F2D370080CFE9 /* VSNavigationController.m */,
				3DD5D39A192F2D370080CFE9 /* VSViewController.h */,
				3DD5D39B192F2D370080CFE9 /* VSViewController.m */,
				3DD5D39C192F2D370080CFE9 /* VSViewControllerHolder.h */,
				3DD5D39D192F2D370080CFE9 /* VSViewControllerHolder.m */,
				3DD5D39E192F2D370080CFE9 /* VSWindow.h */,
				3DD5D39F192F2D370080CFE9 /* VSWindow.m */,
			);
			name = VCM;
			path = YYYSimultateCall/VCM;
			sourceTree = "<group>";
		};
		3DF39C25192B5D7500593B14 = {
			isa = PBXGroup;
			children = (
				3DD5D397192F2D370080CFE9 /* VCM */,
				3DF39C37192B5D7500593B14 /* YYYSimultateCall */,
				3DD5D313192DEE890080CFE9 /* Resource */,
				3DF39C50192B5D7600593B14 /* YYYSimultateCallTests */,
				3DF39C30192B5D7500593B14 /* Frameworks */,
				3DF39C2F192B5D7500593B14 /* Products */,
			);
			sourceTree = "<group>";
		};
		3DF39C2F192B5D7500593B14 /* Products */ = {
			isa = PBXGroup;
			children = (
				3DF39C2E192B5D7500593B14 /* YYYSimultateCall.app */,
				3DF39C49192B5D7600593B14 /* YYYSimultateCallTests.xctest */,
			);
			name = Products;
			sourceTree = "<group>";
		};
		3DF39C30192B5D7500593B14 /* Frameworks */ = {
			isa = PBXGroup;
			children = (
				3DD5D3A7192F37650080CFE9 /* AddressBook.framework */,
				3DD5D3A8192F37650080CFE9 /* AddressBookUI.framework */,
				3DF39C31192B5D7500593B14 /* Foundation.framework */,
				3DF39C33192B5D7500593B14 /* CoreGraphics.framework */,
				3DF39C35192B5D7500593B14 /* UIKit.framework */,
				3DF39C4A192B5D7600593B14 /* XCTest.framework */,
			);
			name = Frameworks;
			sourceTree = "<group>";
		};
		3DF39C37192B5D7500593B14 /* YYYSimultateCall */ = {
			isa = PBXGroup;
			children = (
				3DD5D2F3192D9B450080CFE9 /* View */,
				3DCA1C2D192C51D700A9382B /* Controller */,
				3DCA1C23192C502400A9382B /* Source */,
				3DCA1C1B192C432200A9382B /* Model */,
				3DF39C40192B5D7600593B14 /* AppDelegate.h */,
				3DF39C41192B5D7600593B14 /* AppDelegate.m */,
				3DD5D2ED192D9AB50080CFE9 /* Main.storyboard */,
				3DF39C43192B5D7600593B14 /* Images.xcassets */,
				3DF39C38192B5D7600593B14 /* Supporting Files */,
			);
			path = YYYSimultateCall;
			sourceTree = "<group>";
		};
		3DF39C38192B5D7600593B14 /* Supporting Files */ = {
			isa = PBXGroup;
			children = (
				3DF39C39192B5D7600593B14 /* YYYSimultateCall-Info.plist */,
				3DF39C3A192B5D7600593B14 /* InfoPlist.strings */,
				3DF39C3D192B5D7600593B14 /* main.m */,
				3DF39C3F192B5D7600593B14 /* YYYSimultateCall-Prefix.pch */,
			);
			name = "Supporting Files";
			sourceTree = "<group>";
		};
		3DF39C50192B5D7600593B14 /* YYYSimultateCallTests */ = {
			isa = PBXGroup;
			children = (
				3DF39C56192B5D7600593B14 /* YYYSimultateCallTests.m */,
				3DF39C51192B5D7600593B14 /* Supporting Files */,
			);
			path = YYYSimultateCallTests;
			sourceTree = "<group>";
		};
		3DF39C51192B5D7600593B14 /* Supporting Files */ = {
			isa = PBXGroup;
			children = (
				3DF39C52192B5D7600593B14 /* YYYSimultateCallTests-Info.plist */,
				3DF39C53192B5D7600593B14 /* InfoPlist.strings */,
			);
			name = "Supporting Files";
			sourceTree = "<group>";
		};
/* End PBXGroup section */

/* Begin PBXNativeTarget section */
		3DF39C2D192B5D7500593B14 /* YYYSimultateCall */ = {
			isa = PBXNativeTarget;
			buildConfigurationList = 3DF39C5A192B5D7600593B14 /* Build configuration list for PBXNativeTarget "YYYSimultateCall" */;
			buildPhases = (
				3DF39C2A192B5D7500593B14 /* Sources */,
				3DF39C2B192B5D7500593B14 /* Frameworks */,
				3DF39C2C192B5D7500593B14 /* Resources */,
			);
			buildRules = (
			);
			dependencies = (
			);
			name = YYYSimultateCall;
			productName = YYYSimultateCall;
			productReference = 3DF39C2E192B5D7500593B14 /* YYYSimultateCall.app */;
			productType = "com.apple.product-type.application";
		};
		3DF39C48192B5D7600593B14 /* YYYSimultateCallTests */ = {
			isa = PBXNativeTarget;
			buildConfigurationList = 3DF39C5D192B5D7600593B14 /* Build configuration list for PBXNativeTarget "YYYSimultateCallTests" */;
			buildPhases = (
				3DF39C45192B5D7600593B14 /* Sources */,
				3DF39C46192B5D7600593B14 /* Frameworks */,
				3DF39C47192B5D7600593B14 /* Resources */,
			);
			buildRules = (
			);
			dependencies = (
				3DF39C4F192B5D7600593B14 /* PBXTargetDependency */,
			);
			name = YYYSimultateCallTests;
			productName = YYYSimultateCallTests;
			productReference = 3DF39C49192B5D7600593B14 /* YYYSimultateCallTests.xctest */;
			productType = "com.apple.product-type.bundle.unit-test";
		};
/* End PBXNativeTarget section */

/* Begin PBXProject section */
		3DF39C26192B5D7500593B14 /* Project object */ = {
			isa = PBXProject;
			attributes = {
				LastUpgradeCheck = 0510;
				ORGANIZATIONNAME = "YYY Team";
				TargetAttributes = {
					3DF39C48192B5D7600593B14 = {
						TestTargetID = 3DF39C2D192B5D7500593B14;
					};
				};
			};
			buildConfigurationList = 3DF39C29192B5D7500593B14 /* Build configuration list for PBXProject "YYYSimultateCall" */;
			compatibilityVersion = "Xcode 3.2";
			developmentRegion = English;
			hasScannedForEncodings = 0;
			knownRegions = (
				en,
			);
			mainGroup = 3DF39C25192B5D7500593B14;
			productRefGroup = 3DF39C2F192B5D7500593B14 /* Products */;
			projectDirPath = "";
			projectRoot = "";
			targets = (
				3DF39C2D192B5D7500593B14 /* YYYSimultateCall */,
				3DF39C48192B5D7600593B14 /* YYYSimultateCallTests */,
			);
		};
/* End PBXProject section */

/* Begin PBXResourcesBuildPhase section */
		3DF39C2C192B5D7500593B14 /* Resources */ = {
			isa = PBXResourcesBuildPhase;
			buildActionMask = 2147483647;
			files = (
				3D825D851932E45A00BE5BDF /* call@2x.png in Resources */,
				3D8395841932EFA9009220B2 /* share_icon_g@2x.png in Resources */,
				3DD5D31F192DEE890080CFE9 /* locationDefault.png in Resources */,
				3DF39C3C192B5D7600593B14 /* InfoPlist.strings in Resources */,
				3DD5D38F192EF9130080CFE9 /* luck.m4r in Resources */,
				3D825D861932E45A00BE5BDF /* replay@2x.png in Resources */,
				3DD5D38E192EF9130080CFE9 /* duola.m4r in Resources */,
				3DD5D391192EF9130080CFE9 /* opening.m4r in Resources */,
				3DD5D390192EF9130080CFE9 /* nohappiness.m4r in Resources */,
				3DF39C44192B5D7600593B14 /* Images.xcassets in Resources */,
				3DD5D2EE192D9AB50080CFE9 /* Main.storyboard in Resources */,
				3DD5D392192EF9130080CFE9 /* seaside.m4r in Resources */,
			);
			runOnlyForDeploymentPostprocessing = 0;
		};
		3DF39C47192B5D7600593B14 /* Resources */ = {
			isa = PBXResourcesBuildPhase;
			buildActionMask = 2147483647;
			files = (
				3DF39C55192B5D7600593B14 /* InfoPlist.strings in Resources */,
			);
			runOnlyForDeploymentPostprocessing = 0;
		};
/* End PBXResourcesBuildPhase section */

/* Begin PBXSourcesBuildPhase section */
		3DF39C2A192B5D7500593B14 /* Sources */ = {
			isa = PBXSourcesBuildPhase;
			buildActionMask = 2147483647;
			files = (
				3DD5D3AD192F3B260080CFE9 /* YYContactListTableViewController.m in Sources */,
				3D825D8C1932ED5D00BE5BDF /* YYReplayCallViewController.m in Sources */,
				3DD5D2FA192D9E8F0080CFE9 /* YYCallListTableViewController.m in Sources */,
				3DD5D3A1192F2D370080CFE9 /* VSViewController.m in Sources */,
				3D8395D519335624009220B2 /* YYSoundListTableViewController.m in Sources */,
				3DF39C42192B5D7600593B14 /* AppDelegate.m in Sources */,
				3DF39C3E192B5D7600593B14 /* main.m in Sources */,
				3DCA1C28192C502400A9382B /* YYCall.m in Sources */,
				3DD5D3A0192F2D370080CFE9 /* VSNavigationController.m in Sources */,
				3D825D891932ED4E00BE5BDF /* YYWaitCallViewController.m in Sources */,
				3DD5D3A2192F2D370080CFE9 /* VSViewControllerHolder.m in Sources */,
				3DCA1C29192C502400A9382B /* YYCallSource.m in Sources */,
				3DD5D3B0192F506D0080CFE9 /* YYRingListTableViewController.m in Sources */,
				3DCA1C33192C557A00A9382B /* YYLocalNotification.m in Sources */,
				3DCA1C30192C520500A9382B /* YYController.m in Sources */,
				3DD5D3A6192F31810080CFE9 /* YYCallRepeatListTableViewController.m in Sources */,
				3DD5D3A3192F2D370080CFE9 /* VSWindow.m in Sources */,
				3DD5D308192DADDA0080CFE9 /* YYCallDetailViewController.m in Sources */,
			);
			runOnlyForDeploymentPostprocessing = 0;
		};
		3DF39C45192B5D7600593B14 /* Sources */ = {
			isa = PBXSourcesBuildPhase;
			buildActionMask = 2147483647;
			files = (
				3DF39C57192B5D7600593B14 /* YYYSimultateCallTests.m in Sources */,
			);
			runOnlyForDeploymentPostprocessing = 0;
		};
/* End PBXSourcesBuildPhase section */

/* Begin PBXTargetDependency section */
		3DF39C4F192B5D7600593B14 /* PBXTargetDependency */ = {
			isa = PBXTargetDependency;
			target = 3DF39C2D192B5D7500593B14 /* YYYSimultateCall */;
			targetProxy = 3DF39C4E192B5D7600593B14 /* PBXContainerItemProxy */;
		};
/* End PBXTargetDependency section */

/* Begin PBXVariantGroup section */
		3DF39C3A192B5D7600593B14 /* InfoPlist.strings */ = {
			isa = PBXVariantGroup;
			children = (
				3DF39C3B192B5D7600593B14 /* en */,
			);
			name = InfoPlist.strings;
			sourceTree = "<group>";
		};
		3DF39C53192B5D7600593B14 /* InfoPlist.strings */ = {
			isa = PBXVariantGroup;
			children = (
				3DF39C54192B5D7600593B14 /* en */,
			);
			name = InfoPlist.strings;
			sourceTree = "<group>";
		};
/* End PBXVariantGroup section */

/* Begin XCBuildConfiguration section */
		3DF39C58192B5D7600593B14 /* Debug */ = {
			isa = XCBuildConfiguration;
			buildSettings = {
				ALWAYS_SEARCH_USER_PATHS = NO;
				CLANG_CXX_LANGUAGE_STANDARD = "gnu++0x";
				CLANG_CXX_LIBRARY = "libc++";
				CLANG_ENABLE_MODULES = YES;
				CLANG_ENABLE_OBJC_ARC = YES;
				CLANG_WARN_BOOL_CONVERSION = YES;
				CLANG_WARN_CONSTANT_CONVERSION = YES;
				CLANG_WARN_DIRECT_OBJC_ISA_USAGE = YES_ERROR;
				CLANG_WARN_EMPTY_BODY = YES;
				CLANG_WARN_ENUM_CONVERSION = YES;
				CLANG_WARN_INT_CONVERSION = YES;
				CLANG_WARN_OBJC_ROOT_CLASS = YES_ERROR;
				CLANG_WARN__DUPLICATE_METHOD_MATCH = YES;
				"CODE_SIGN_IDENTITY[sdk=iphoneos*]" = "iPhone Developer";
				COPY_PHASE_STRIP = NO;
				GCC_C_LANGUAGE_STANDARD = gnu99;
				GCC_DYNAMIC_NO_PIC = NO;
				GCC_OPTIMIZATION_LEVEL = 0;
				GCC_PREPROCESSOR_DEFINITIONS = (
					"DEBUG=1",
					"$(inherited)",
				);
				GCC_SYMBOLS_PRIVATE_EXTERN = NO;
				GCC_WARN_64_TO_32_BIT_CONVERSION = YES;
				GCC_WARN_ABOUT_RETURN_TYPE = YES_ERROR;
				GCC_WARN_UNDECLARED_SELECTOR = YES;
				GCC_WARN_UNINITIALIZED_AUTOS = YES_AGGRESSIVE;
				GCC_WARN_UNUSED_FUNCTION = YES;
				GCC_WARN_UNUSED_VARIABLE = YES;
				IPHONEOS_DEPLOYMENT_TARGET = 7.1;
				ONLY_ACTIVE_ARCH = YES;
				SDKROOT = iphoneos;
			};
			name = Debug;
		};
		3DF39C59192B5D7600593B14 /* Release */ = {
			isa = XCBuildConfiguration;
			buildSettings = {
				ALWAYS_SEARCH_USER_PATHS = NO;
				CLANG_CXX_LANGUAGE_STANDARD = "gnu++0x";
				CLANG_CXX_LIBRARY = "libc++";
				CLANG_ENABLE_MODULES = YES;
				CLANG_ENABLE_OBJC_ARC = YES;
				CLANG_WARN_BOOL_CONVERSION = YES;
				CLANG_WARN_CONSTANT_CONVERSION = YES;
				CLANG_WARN_DIRECT_OBJC_ISA_USAGE = YES_ERROR;
				CLANG_WARN_EMPTY_BODY = YES;
				CLANG_WARN_ENUM_CONVERSION = YES;
				CLANG_WARN_INT_CONVERSION = YES;
				CLANG_WARN_OBJC_ROOT_CLASS = YES_ERROR;
				CLANG_WARN__DUPLICATE_METHOD_MATCH = YES;
				"CODE_SIGN_IDENTITY[sdk=iphoneos*]" = "iPhone Developer";
				COPY_PHASE_STRIP = YES;
				ENABLE_NS_ASSERTIONS = NO;
				GCC_C_LANGUAGE_STANDARD = gnu99;
				GCC_WARN_64_TO_32_BIT_CONVERSION = YES;
				GCC_WARN_ABOUT_RETURN_TYPE = YES_ERROR;
				GCC_WARN_UNDECLARED_SELECTOR = YES;
				GCC_WARN_UNINITIALIZED_AUTOS = YES_AGGRESSIVE;
				GCC_WARN_UNUSED_FUNCTION = YES;
				GCC_WARN_UNUSED_VARIABLE = YES;
				IPHONEOS_DEPLOYMENT_TARGET = 7.1;
				SDKROOT = iphoneos;
				VALIDATE_PRODUCT = YES;
			};
			name = Release;
		};
		3DF39C5B192B5D7600593B14 /* Debug */ = {
			isa = XCBuildConfiguration;
			buildSettings = {
				ASSETCATALOG_COMPILER_APPICON_NAME = AppIcon;
				ASSETCATALOG_COMPILER_LAUNCHIMAGE_NAME = LaunchImage;
				GCC_PRECOMPILE_PREFIX_HEADER = YES;
				GCC_PREFIX_HEADER = "YYYSimultateCall/YYYSimultateCall-Prefix.pch";
				INFOPLIST_FILE = "YYYSimultateCall/YYYSimultateCall-Info.plist";
				PRODUCT_NAME = "$(TARGET_NAME)";
				WRAPPER_EXTENSION = app;
			};
			name = Debug;
		};
		3DF39C5C192B5D7600593B14 /* Release */ = {
			isa = XCBuildConfiguration;
			buildSettings = {
				ASSETCATALOG_COMPILER_APPICON_NAME = AppIcon;
				ASSETCATALOG_COMPILER_LAUNCHIMAGE_NAME = LaunchImage;
				GCC_PRECOMPILE_PREFIX_HEADER = YES;
				GCC_PREFIX_HEADER = "YYYSimultateCall/YYYSimultateCall-Prefix.pch";
				INFOPLIST_FILE = "YYYSimultateCall/YYYSimultateCall-Info.plist";
				PRODUCT_NAME = "$(TARGET_NAME)";
				WRAPPER_EXTENSION = app;
			};
			name = Release;
		};
		3DF39C5E192B5D7600593B14 /* Debug */ = {
			isa = XCBuildConfiguration;
			buildSettings = {
				BUNDLE_LOADER = "$(BUILT_PRODUCTS_DIR)/YYYSimultateCall.app/YYYSimultateCall";
				FRAMEWORK_SEARCH_PATHS = (
					"$(SDKROOT)/Developer/Library/Frameworks",
					"$(inherited)",
					"$(DEVELOPER_FRAMEWORKS_DIR)",
				);
				GCC_PRECOMPILE_PREFIX_HEADER = YES;
				GCC_PREFIX_HEADER = "YYYSimultateCall/YYYSimultateCall-Prefix.pch";
				GCC_PREPROCESSOR_DEFINITIONS = (
					"DEBUG=1",
					"$(inherited)",
				);
				INFOPLIST_FILE = "YYYSimultateCallTests/YYYSimultateCallTests-Info.plist";
				PRODUCT_NAME = "$(TARGET_NAME)";
				TEST_HOST = "$(BUNDLE_LOADER)";
				WRAPPER_EXTENSION = xctest;
			};
			name = Debug;
		};
		3DF39C5F192B5D7600593B14 /* Release */ = {
			isa = XCBuildConfiguration;
			buildSettings = {
				BUNDLE_LOADER = "$(BUILT_PRODUCTS_DIR)/YYYSimultateCall.app/YYYSimultateCall";
				FRAMEWORK_SEARCH_PATHS = (
					"$(SDKROOT)/Developer/Library/Frameworks",
					"$(inherited)",
					"$(DEVELOPER_FRAMEWORKS_DIR)",
				);
				GCC_PRECOMPILE_PREFIX_HEADER = YES;
				GCC_PREFIX_HEADER = "YYYSimultateCall/YYYSimultateCall-Prefix.pch";
				INFOPLIST_FILE = "YYYSimultateCallTests/YYYSimultateCallTests-Info.plist";
				PRODUCT_NAME = "$(TARGET_NAME)";
				TEST_HOST = "$(BUNDLE_LOADER)";
				WRAPPER_EXTENSION = xctest;
			};
			name = Release;
		};
/* End XCBuildConfiguration section */

/* Begin XCConfigurationList section */
		3DF39C29192B5D7500593B14 /* Build configuration list for PBXProject "YYYSimultateCall" */ = {
			isa = XCConfigurationList;
			buildConfigurations = (
				3DF39C58192B5D7600593B14 /* Debug */,
				3DF39C59192B5D7600593B14 /* Release */,
			);
			defaultConfigurationIsVisible = 0;
			defaultConfigurationName = Release;
		};
		3DF39C5A192B5D7600593B14 /* Build configuration list for PBXNativeTarget "YYYSimultateCall" */ = {
			isa = XCConfigurationList;
			buildConfigurations = (
				3DF39C5B192B5D7600593B14 /* Debug */,
				3DF39C5C192B5D7600593B14 /* Release */,
			);
			defaultConfigurationIsVisible = 0;
			defaultConfigurationName = Release;
		};
		3DF39C5D192B5D7600593B14 /* Build configuration list for PBXNativeTarget "YYYSimultateCallTests" */ = {
			isa = XCConfigurationList;
			buildConfigurations = (
				3DF39C5E192B5D7600593B14 /* Debug */,
				3DF39C5F192B5D7600593B14 /* Release */,
			);
			defaultConfigurationIsVisible = 0;
			defaultConfigurationName = Release;
		};
/* End XCConfigurationList section */
	};
	rootObject = 3DF39C26192B5D7500593B14 /* Project object */;
}
